
Microsoft Visual Studio Solution File, Format Version 12.00
# Visual Studio 15
VisualStudioVersion = 15.0.27428.2002
MinimumVisualStudioVersion = 10.0.40219.1
Project("{FAE04EC0-301F-11D3-BF4B-00C04F79EFBC}") = "SerialBus", "SerialBus.csproj", "{32C4A57B-6697-4AA2-81B9-235AAB60223D}"
EndProject
Global
	GlobalSection(SolutionConfigurationPlatforms) = preSolution
		Debug|Any CPU = Debug|Any CPU
		Release|Any CPU = Release|Any CPU
	EndGlobalSection
	GlobalSection(ProjectConfigurationPlatforms) = postSolution
		{32C4A57B-6697-4AA2-81B9-235AAB60223D}.Debug|Any CPU.ActiveCfg = Debug|Any CPU
		{32C4A57B-6697-4AA2-81B9-235AAB60223D}.Debug|Any CPU.Build.0 = Debug|Any CPU
		{32C4A57B-6697-4AA2-81B9-235AAB60223D}.Release|Any CPU.ActiveCfg = Release|Any CPU
		{32C4A57B-6697-4AA2-81B9-235AAB60223D}.Release|Any CPU.Build.0 = Release|Any CPU
	EndGlobalSection
	GlobalSection(SolutionProperties) = preSolution
		HideSolutionNode = FALSE
	EndGlobalSection
	GlobalSection(ExtensibilityGlobals) = postSolution
		SolutionGuid = {8A8F6234-78D9-43E4-87AE-086912E23075}
	EndGlobalSection
EndGlobal
